
Microsoft Visual Studio Solution File, Format Version 12.00
# Visual Studio Version 17
VisualStudioVersion = 17.13.35919.96
MinimumVisualStudioVersion = 10.0.40219.1
Project("{8BC9CEB8-8B4A-11D0-8D11-00A0C91BC942}") = "HelloWorld", "HelloWorld\HelloWorld.vcxproj", "{353AA6A3-8AE3-4148-ABD2-844418E5E761}"
EndProject
Project("{8BC9CEB8-8B4A-11D0-8D11-00A0C91BC942}") = "DataTypes", "DataTypes\DataTypes.vcxproj", "{E2121407-4C05-44AC-A019-0F23D1CD22A6}"
EndProject
Project("{8BC9CEB8-8B4A-11D0-8D11-00A0C91BC942}") = "UserDataTypes", "UserDataTypes\UserDataTypes.vcxproj", "{743217B5-4E3E-4BB3-AF5D-BC37770AA5DE}"
EndProject
Project("{8BC9CEB8-8B4A-11D0-8D11-00A0C91BC942}") = "NumberGuessingGame", "NumberGuessingGame\NumberGuessingGame.vcxproj", "{56806BA2-DD84-46CD-9D6D-543521209A64}"
EndProject
Project("{8BC9CEB8-8B4A-11D0-8D11-00A0C91BC942}") = "Containers", "Containers\Containers.vcxproj", "{FB079C63-EDFC-4C80-9EC5-78A7C7BA1F96}"
EndProject
Project("{8BC9CEB8-8B4A-11D0-8D11-00A0C91BC942}") = "Pointers", "Pointers\Pointers.vcxproj", "{5EB29464-500D-4AF9-8185-CAB27FF80E41}"
EndProject
Project("{8BC9CEB8-8B4A-11D0-8D11-00A0C91BC942}") = "References", "References\References.vcxproj", "{30E6C17A-5228-40D4-B4A6-25D1744A6CCC}"
EndProject
Global
	GlobalSection(SolutionConfigurationPlatforms) = preSolution
		Debug|x64 = Debug|x64
		Debug|x86 = Debug|x86
		Release|x64 = Release|x64
		Release|x86 = Release|x86
	EndGlobalSection
	GlobalSection(ProjectConfigurationPlatforms) = postSolution
		{353AA6A3-8AE3-4148-ABD2-844418E5E761}.Debug|x64.ActiveCfg = Debug|x64
		{353AA6A3-8AE3-4148-ABD2-844418E5E761}.Debug|x64.Build.0 = Debug|x64
		{353AA6A3-8AE3-4148-ABD2-844418E5E761}.Debug|x86.ActiveCfg = Debug|Win32
		{353AA6A3-8AE3-4148-ABD2-844418E5E761}.Debug|x86.Build.0 = Debug|Win32
		{353AA6A3-8AE3-4148-ABD2-844418E5E761}.Release|x64.ActiveCfg = Release|x64
		{353AA6A3-8AE3-4148-ABD2-844418E5E761}.Release|x64.Build.0 = Release|x64
		{353AA6A3-8AE3-4148-ABD2-844418E5E761}.Release|x86.ActiveCfg = Release|Win32
		{353AA6A3-8AE3-4148-ABD2-844418E5E761}.Release|x86.Build.0 = Release|Win32
		{E2121407-4C05-44AC-A019-0F23D1CD22A6}.Debug|x64.ActiveCfg = Debug|x64
		{E2121407-4C05-44AC-A019-0F23D1CD22A6}.Debug|x64.Build.0 = Debug|x64
		{E2121407-4C05-44AC-A019-0F23D1CD22A6}.Debug|x86.ActiveCfg = Debug|Win32
		{E2121407-4C05-44AC-A019-0F23D1CD22A6}.Debug|x86.Build.0 = Debug|Win32
		{E2121407-4C05-44AC-A019-0F23D1CD22A6}.Release|x64.ActiveCfg = Release|x64
		{E2121407-4C05-44AC-A019-0F23D1CD22A6}.Release|x64.Build.0 = Release|x64
		{E2121407-4C05-44AC-A019-0F23D1CD22A6}.Release|x86.ActiveCfg = Release|Win32
		{E2121407-4C05-44AC-A019-0F23D1CD22A6}.Release|x86.Build.0 = Release|Win32
		{743217B5-4E3E-4BB3-AF5D-BC37770AA5DE}.Debug|x64.ActiveCfg = Debug|x64
		{743217B5-4E3E-4BB3-AF5D-BC37770AA5DE}.Debug|x64.Build.0 = Debug|x64
		{743217B5-4E3E-4BB3-AF5D-BC37770AA5DE}.Debug|x86.ActiveCfg = Debug|Win32
		{743217B5-4E3E-4BB3-AF5D-BC37770AA5DE}.Debug|x86.Build.0 = Debug|Win32
		{743217B5-4E3E-4BB3-AF5D-BC37770AA5DE}.Release|x64.ActiveCfg = Release|x64
		{743217B5-4E3E-4BB3-AF5D-BC37770AA5DE}.Release|x64.Build.0 = Release|x64
		{743217B5-4E3E-4BB3-AF5D-BC37770AA5DE}.Release|x86.ActiveCfg = Release|Win32
		{743217B5-4E3E-4BB3-AF5D-BC37770AA5DE}.Release|x86.Build.0 = Release|Win32
		{56806BA2-DD84-46CD-9D6D-543521209A64}.Debug|x64.ActiveCfg = Debug|x64
		{56806BA2-DD84-46CD-9D6D-543521209A64}.Debug|x64.Build.0 = Debug|x64
		{56806BA2-DD84-46CD-9D6D-543521209A64}.Debug|x86.ActiveCfg = Debug|Win32
		{56806BA2-DD84-46CD-9D6D-543521209A64}.Debug|x86.Build.0 = Debug|Win32
		{56806BA2-DD84-46CD-9D6D-543521209A64}.Release|x64.ActiveCfg = Release|x64
		{56806BA2-DD84-46CD-9D6D-543521209A64}.Release|x64.Build.0 = Release|x64
		{56806BA2-DD84-46CD-9D6D-543521209A64}.Release|x86.ActiveCfg = Release|Win32
		{56806BA2-DD84-46CD-9D6D-543521209A64}.Release|x86.Build.0 = Release|Win32
		{FB079C63-EDFC-4C80-9EC5-78A7C7BA1F96}.Debug|x64.ActiveCfg = Debug|x64
		{FB079C63-EDFC-4C80-9EC5-78A7C7BA1F96}.Debug|x64.Build.0 = Debug|x64
		{FB079C63-EDFC-4C80-9EC5-78A7C7BA1F96}.Debug|x86.ActiveCfg = Debug|Win32
		{FB079C63-EDFC-4C80-9EC5-78A7C7BA1F96}.Debug|x86.Build.0 = Debug|Win32
		{FB079C63-EDFC-4C80-9EC5-78A7C7BA1F96}.Release|x64.ActiveCfg = Release|x64
		{FB079C63-EDFC-4C80-9EC5-78A7C7BA1F96}.Release|x64.Build.0 = Release|x64
		{FB079C63-EDFC-4C80-9EC5-78A7C7BA1F96}.Release|x86.ActiveCfg = Release|Win32
		{FB079C63-EDFC-4C80-9EC5-78A7C7BA1F96}.Release|x86.Build.0 = Release|Win32
		{5EB29464-500D-4AF9-8185-CAB27FF80E41}.Debug|x64.ActiveCfg = Debug|x64
		{5EB29464-500D-4AF9-8185-CAB27FF80E41}.Debug|x64.Build.0 = Debug|x64
		{5EB29464-500D-4AF9-8185-CAB27FF80E41}.Debug|x86.ActiveCfg = Debug|Win32
		{5EB29464-500D-4AF9-8185-CAB27FF80E41}.Debug|x86.Build.0 = Debug|Win32
		{5EB29464-500D-4AF9-8185-CAB27FF80E41}.Release|x64.ActiveCfg = Release|x64
		{5EB29464-500D-4AF9-8185-CAB27FF80E41}.Release|x64.Build.0 = Release|x64
		{5EB29464-500D-4AF9-8185-CAB27FF80E41}.Release|x86.ActiveCfg = Release|Win32
		{5EB29464-500D-4AF9-8185-CAB27FF80E41}.Release|x86.Build.0 = Release|Win32
		{30E6C17A-5228-40D4-B4A6-25D1744A6CCC}.Debug|x64.ActiveCfg = Debug|x64
		{30E6C17A-5228-40D4-B4A6-25D1744A6CCC}.Debug|x64.Build.0 = Debug|x64
		{30E6C17A-5228-40D4-B4A6-25D1744A6CCC}.Debug|x86.ActiveCfg = Debug|Win32
		{30E6C17A-5228-40D4-B4A6-25D1744A6CCC}.Debug|x86.Build.0 = Debug|Win32
		{30E6C17A-5228-40D4-B4A6-25D1744A6CCC}.Release|x64.ActiveCfg = Release|x64
		{30E6C17A-5228-40D4-B4A6-25D1744A6CCC}.Release|x64.Build.0 = Release|x64
		{30E6C17A-5228-40D4-B4A6-25D1744A6CCC}.Release|x86.ActiveCfg = Release|Win32
		{30E6C17A-5228-40D4-B4A6-25D1744A6CCC}.Release|x86.Build.0 = Release|Win32
	EndGlobalSection
	GlobalSection(SolutionProperties) = preSolution
		HideSolutionNode = FALSE
	EndGlobalSection
	GlobalSection(ExtensibilityGlobals) = postSolution
		SolutionGuid = {208CF8A3-C729-4AEF-99A9-910DE1F7318A}
	EndGlobalSection
EndGlobal
